
Microsoft Visual Studio Solution File, Format Version 12.00
# Visual Studio Version 17
VisualStudioVersion = 17.0.31903.59
MinimumVisualStudioVersion = 10.0.40219.1
Project("{FAE04EC0-301F-11D3-BF4B-00C04F79EFBC}") = "Profil", "Profil\Profil.csproj", "{A6C323DC-2D8D-4D93-A07C-603A4047C27D}"
EndProject
Global
	GlobalSection(SolutionConfigurationPlatforms) = preSolution
		Debug|Any CPU = Debug|Any CPU
		Release|Any CPU = Release|Any CPU
	EndGlobalSection
	GlobalSection(ProjectConfigurationPlatforms) = postSolution
		{A6C323DC-2D8D-4D93-A07C-603A4047C27D}.Debug|Any CPU.ActiveCfg = Debug|Any CPU
		{A6C323DC-2D8D-4D93-A07C-603A4047C27D}.Debug|Any CPU.Build.0 = Debug|Any CPU
		{A6C323DC-2D8D-4D93-A07C-603A4047C27D}.Release|Any CPU.ActiveCfg = Release|Any CPU
		{A6C323DC-2D8D-4D93-A07C-603A4047C27D}.Release|Any CPU.Build.0 = Release|Any CPU
	EndGlobalSection
	GlobalSection(SolutionProperties) = preSolution
		HideSolutionNode = FALSE
	EndGlobalSection
	GlobalSection(ExtensibilityGlobals) = postSolution
		SolutionGuid = {BD64BB17-5037-410C-80C1-BFAF26A0E2FD}
	EndGlobalSection
EndGlobal
